# This file was autogenerated by Stack.
# You should not edit this file by hand.
# For more information, please see the documentation at:
#   https://docs.haskellstack.org/en/stable/lock_files

packages:
- completed:
    hackage: amazonka-1.6.1@sha256:b2a50a6b87908efa1e1793868495e9b252cbcf99e2d7036b21f9fe1e12dc413d,3420
    pantry-tree:
      size: 992
      sha256: 27e7e545070d3bdb3dc61159b38dcf2229483d083d0020ba446f31ba537a83e3
  original:
    hackage: amazonka-1.6.1
- completed:
    hackage: amazonka-core-1.6.1@sha256:ad6b06eb5b6847cbfbe4201e78b3fdb7818a42da061c5d0f8af4fdf2494e44b5,4957
    pantry-tree:
      size: 3438
      sha256: a1100a5e07e858cdf60ab52305568e26feef56d360777a6a0a79505b1ae0fb67
  original:
    hackage: amazonka-core-1.6.1
- completed:
    hackage: amazonka-ecr-1.6.1@sha256:19f84313590aab45c8d6e810387c06822554967dd799ffbd0f0087a14e921146,3871
    pantry-tree:
      size: 5933
      sha256: c8801ad03003dd1e16fc1c4dec8f9e1157120ddd3f7a9508899ff35e2a39c2f1
  original:
    hackage: amazonka-ecr-1.6.1
- completed:
    hackage: amazonka-route53-1.6.1@sha256:a9839d8fc55de06a4fb242bc6597d454251363478909d4fe7dca8832c2a1fd73,5949
    pantry-tree:
      size: 14749
      sha256: 47d8253fc03a0dbef989bd2c6fc8fdf6b46ede0b686111f375dd6f6c94e45b02
  original:
    hackage: amazonka-route53-1.6.1
- completed:
    hackage: amazonka-s3-1.6.1@sha256:9d07240fca59ad5197fb614ce3051e701e4951e6d4625a2dab4a9c17a1900194,6317
    pantry-tree:
      size: 18385
      sha256: 5cab233d241615764d9fd6927bc397f02887154450a9932c38c2e17ea86d79bc
  original:
    hackage: amazonka-s3-1.6.1
- completed:
    hackage: amazonka-secretsmanager-1.6.1@sha256:f3e7266e8b19b214c721c49c50d24b7a6cc1ed280a1e481eabf08dc507e38f5d,3795
    pantry-tree:
      size: 4432
      sha256: 6865bc167aa0714736a900ad39e82cf7df93de5a07337a0165d7d2f8f66d8f12
  original:
    hackage: amazonka-secretsmanager-1.6.1
snapshots:
- completed:
    size: 499889
    url: https://raw.githubusercontent.com/commercialhaskell/stackage-snapshots/master/lts/13/26.yaml
    sha256: ecb02ee16829df8d7219e7d7fe6c310819820bf335b0b9534bce84d3ea896684
  original: lts-13.26
